{
  "version": 4,
  "terraform_version": "1.8.0",
  "serial": 4,
  "lineage": "fada4aaa-5199-d92f-6ee5-f5b6b388da57",
  "outputs": {},
  "resources": [
    {
      "mode": "managed",
      "type": "ncloud_subnet",
      "name": "private_subnet",
      "provider": "provider[\"registry.terraform.io/navercloudplatform/ncloud\"]",
      "instances": [
        {
          "schema_version": 0,
          "attributes": {
            "id": "144711",
            "name": "tf-private-1",
            "network_acl_no": "92051",
            "subnet": "10.0.2.0/24",
            "subnet_no": "144711",
            "subnet_type": "PRIVATE",
            "usage_type": "GEN",
            "vpc_no": "60875",
            "zone": "KR-1"
          },
          "sensitive_attributes": [],
          "dependencies": [
            "ncloud_vpc.ossca_vpc"
          ]
        }
      ]
    },
    {
      "mode": "managed",
      "type": "ncloud_subnet",
      "name": "public_subnet",
      "provider": "provider[\"registry.terraform.io/navercloudplatform/ncloud\"]",
      "instances": [
        {
          "schema_version": 0,
          "attributes": {
            "id": "144712",
            "name": "sn18f00427321",
            "network_acl_no": "92051",
            "subnet": "10.0.1.0/24",
            "subnet_no": "144712",
            "subnet_type": "PUBLIC",
            "usage_type": "GEN",
            "vpc_no": "60875",
            "zone": "KR-2"
          },
          "sensitive_attributes": [],
          "dependencies": [
            "ncloud_vpc.ossca_vpc"
          ]
        }
      ]
    },
    {
      "mode": "managed",
      "type": "ncloud_vpc",
      "name": "ossca_vpc",
      "provider": "provider[\"registry.terraform.io/navercloudplatform/ncloud\"]",
      "instances": [
        {
          "schema_version": 0,
          "attributes": {
            "default_access_control_group_no": "171410",
            "default_network_acl_no": "92051",
            "default_private_route_table_no": "129177",
            "default_public_route_table_no": "129176",
            "id": "60875",
            "ipv4_cidr_block": "10.0.0.0/16",
            "name": "ossca-vpc",
            "vpc_no": "60875"
          },
          "sensitive_attributes": []
        }
      ]
    }
  ],
  "check_results": null
}
